
Microsoft Visual Studio Solution File, Format Version 12.00
# Visual Studio Version 16
VisualStudioVersion = 16.0.31112.23
MinimumVisualStudioVersion = 10.0.40219.1
Project("{FAE04EC0-301F-11D3-BF4B-00C04F79EFBC}") = "MedicalInfo", "MedicalInfo.csproj", "{63A88405-8931-4CB1-9196-50EC4D7514B3}"
EndProject
Global
	GlobalSection(SolutionConfigurationPlatforms) = preSolution
		Debug|Any CPU = Debug|Any CPU
		Release|Any CPU = Release|Any CPU
	EndGlobalSection
	GlobalSection(ProjectConfigurationPlatforms) = postSolution
		{63A88405-8931-4CB1-9196-50EC4D7514B3}.Debug|Any CPU.ActiveCfg = Debug|Any CPU
		{63A88405-8931-4CB1-9196-50EC4D7514B3}.Debug|Any CPU.Build.0 = Debug|Any CPU
		{63A88405-8931-4CB1-9196-50EC4D7514B3}.Release|Any CPU.ActiveCfg = Release|Any CPU
		{63A88405-8931-4CB1-9196-50EC4D7514B3}.Release|Any CPU.Build.0 = Release|Any CPU
	EndGlobalSection
	GlobalSection(SolutionProperties) = preSolution
		HideSolutionNode = FALSE
	EndGlobalSection
	GlobalSection(ExtensibilityGlobals) = postSolution
		SolutionGuid = {99012186-CFA7-4790-B17B-A11291424E3F}
	EndGlobalSection
EndGlobal
